
Microsoft Visual Studio Solution File, Format Version 12.00
# Visual Studio Version 16
VisualStudioVersion = 16.0.31515.178
MinimumVisualStudioVersion = 10.0.40219.1
Project("{9A19103F-16F7-4668-BE54-9A1E7A4F7556}") = "Blazor.WA.API.Three-tierA.AAD.UI", "Blazor.WA.API.Three-tierA.AAD.UI\Blazor.WA.API.Three-tierA.AAD.UI.csproj", "{55FD77A0-C071-4070-8FC9-CAE77D2E4A79}"
EndProject
Project("{9A19103F-16F7-4668-BE54-9A1E7A4F7556}") = "Blazor.WA.API.Three-tierA.AAD.API", "Blazor.WA.API.Three-tierA.AAD.API\Blazor.WA.API.Three-tierA.AAD.API.csproj", "{8B3C906B-150D-429B-B3AF-5DF00A667B9E}"
EndProject
Project("{2150E333-8FDC-42A3-9474-1A3956D46DE8}") = "Blazor.WA.API.Three-tierA.AAD.BusinesLayer", "Blazor.WA.API.Three-tierA.AAD.BusinesLayer", "{152B34BA-933F-4E05-9878-B4F88DCBD718}"
EndProject
Project("{2150E333-8FDC-42A3-9474-1A3956D46DE8}") = "Blazor.WA.API.Three-tierA.AAD.DataLayer", "Blazor.WA.API.Three-tierA.AAD.DataLayer", "{8B6A2690-4E15-4406-90EB-30A018E6AE47}"
EndProject
Project("{2150E333-8FDC-42A3-9474-1A3956D46DE8}") = "Blazor.WA.API.Three-tierA.AAD.Modules", "Blazor.WA.API.Three-tierA.AAD.Modules", "{75AA061F-F2F5-4A62-8B66-186C6A25602E}"
EndProject
Project("{2150E333-8FDC-42A3-9474-1A3956D46DE8}") = "Blazor.WA.API.Three-tierA.AAD.PresentationLayer", "Blazor.WA.API.Three-tierA.AAD.PresentationLayer", "{8A9E2F97-3FDD-4FEF-BD07-56B8265EF14B}"
EndProject
Project("{FAE04EC0-301F-11D3-BF4B-00C04F79EFBC}") = "Blazor.WA.API.Three-tierA.AAD.BL.Services", "Blazor.WA.API.Three-tierA.AAD.Services\Blazor.WA.API.Three-tierA.AAD.BL.Services.csproj", "{77416929-4E52-45F0-B637-7A579591B9B3}"
EndProject
Project("{FAE04EC0-301F-11D3-BF4B-00C04F79EFBC}") = "Blazor.WA.API.Three-tierA.AAD.BL.BusinessModels", "Blazor.WA.API.Three-tierA.AAD.BusinesModels\Blazor.WA.API.Three-tierA.AAD.BL.BusinessModels.csproj", "{0157A5BB-E7C0-4DF1-95DD-79CB87772570}"
EndProject
Project("{FAE04EC0-301F-11D3-BF4B-00C04F79EFBC}") = "Blazor.WA.API.Three-tierA.AAD.BL.Interfaces", "Blazor.WA.API.Three-tierA.AAD.Interfaces\Blazor.WA.API.Three-tierA.AAD.BL.Interfaces.csproj", "{F707FBA1-1D4B-431D-BF24-7183C5930A17}"
EndProject
Project("{FAE04EC0-301F-11D3-BF4B-00C04F79EFBC}") = "Blazor.WA.API.Three-tierA.AAD.DL.Interfaces", "Blazor.WA.API.Three-tierA.AAD.DL.Interfaces\Blazor.WA.API.Three-tierA.AAD.DL.Interfaces.csproj", "{0BF2702C-3B3B-4F82-A9C7-F9BA7C4B1F6F}"
EndProject
Project("{FAE04EC0-301F-11D3-BF4B-00C04F79EFBC}") = "Blazor.WA.API.Three-tierA.AAD.DL.DomainModels", "Blazor.WA.API.Three-tierA.AAD.DL.DomainModels\Blazor.WA.API.Three-tierA.AAD.DL.DomainModels.csproj", "{2ED66A79-A7D7-43CD-A485-57E4D91BB23F}"
EndProject
Project("{FAE04EC0-301F-11D3-BF4B-00C04F79EFBC}") = "Blazor.WA.API.Three-tierA.AAD.DL.Repositories", "Blazor.WA.API.Three-tierA.AAD.DL.Repositories\Blazor.WA.API.Three-tierA.AAD.DL.Repositories.csproj", "{8FB3C0FD-9AE9-45F6-9E46-08A33D8AFA74}"
EndProject
Project("{FAE04EC0-301F-11D3-BF4B-00C04F79EFBC}") = "Blazor.WA.API.Three-tierA.AAD.DL.DatabaseContext", "Blazor.WA.API.Three-tierA.AAD.DL.DatabaseContext\Blazor.WA.API.Three-tierA.AAD.DL.DatabaseContext.csproj", "{751E67C7-C636-4ED5-B778-2E6CA0FAFB74}"
EndProject
Project("{2150E333-8FDC-42A3-9474-1A3956D46DE8}") = "Blazor.WA.API.Three-tierA.AAD.Tests", "Blazor.WA.API.Three-tierA.AAD.Tests", "{D8841C1D-6808-4362-A6F3-31659ECDC32F}"
EndProject
Project("{FAE04EC0-301F-11D3-BF4B-00C04F79EFBC}") = "Blazor.WA.API.Three-tierA.AAD.xUnitTests", "Blazor.WA.API.Three-tierA.AAD.xUnitTests\Blazor.WA.API.Three-tierA.AAD.xUnitTests.csproj", "{2332B8D5-C29D-4511-A618-3665098A2522}"
EndProject
Global
	GlobalSection(SolutionConfigurationPlatforms) = preSolution
		Debug|Any CPU = Debug|Any CPU
		Release|Any CPU = Release|Any CPU
	EndGlobalSection
	GlobalSection(ProjectConfigurationPlatforms) = postSolution
		{55FD77A0-C071-4070-8FC9-CAE77D2E4A79}.Debug|Any CPU.ActiveCfg = Debug|Any CPU
		{55FD77A0-C071-4070-8FC9-CAE77D2E4A79}.Debug|Any CPU.Build.0 = Debug|Any CPU
		{55FD77A0-C071-4070-8FC9-CAE77D2E4A79}.Release|Any CPU.ActiveCfg = Release|Any CPU
		{55FD77A0-C071-4070-8FC9-CAE77D2E4A79}.Release|Any CPU.Build.0 = Release|Any CPU
		{8B3C906B-150D-429B-B3AF-5DF00A667B9E}.Debug|Any CPU.ActiveCfg = Debug|Any CPU
		{8B3C906B-150D-429B-B3AF-5DF00A667B9E}.Debug|Any CPU.Build.0 = Debug|Any CPU
		{8B3C906B-150D-429B-B3AF-5DF00A667B9E}.Release|Any CPU.ActiveCfg = Release|Any CPU
		{8B3C906B-150D-429B-B3AF-5DF00A667B9E}.Release|Any CPU.Build.0 = Release|Any CPU
		{77416929-4E52-45F0-B637-7A579591B9B3}.Debug|Any CPU.ActiveCfg = Debug|Any CPU
		{77416929-4E52-45F0-B637-7A579591B9B3}.Debug|Any CPU.Build.0 = Debug|Any CPU
		{77416929-4E52-45F0-B637-7A579591B9B3}.Release|Any CPU.ActiveCfg = Release|Any CPU
		{77416929-4E52-45F0-B637-7A579591B9B3}.Release|Any CPU.Build.0 = Release|Any CPU
		{0157A5BB-E7C0-4DF1-95DD-79CB87772570}.Debug|Any CPU.ActiveCfg = Debug|Any CPU
		{0157A5BB-E7C0-4DF1-95DD-79CB87772570}.Debug|Any CPU.Build.0 = Debug|Any CPU
		{0157A5BB-E7C0-4DF1-95DD-79CB87772570}.Release|Any CPU.ActiveCfg = Release|Any CPU
		{0157A5BB-E7C0-4DF1-95DD-79CB87772570}.Release|Any CPU.Build.0 = Release|Any CPU
		{F707FBA1-1D4B-431D-BF24-7183C5930A17}.Debug|Any CPU.ActiveCfg = Debug|Any CPU
		{F707FBA1-1D4B-431D-BF24-7183C5930A17}.Debug|Any CPU.Build.0 = Debug|Any CPU
		{F707FBA1-1D4B-431D-BF24-7183C5930A17}.Release|Any CPU.ActiveCfg = Release|Any CPU
		{F707FBA1-1D4B-431D-BF24-7183C5930A17}.Release|Any CPU.Build.0 = Release|Any CPU
		{0BF2702C-3B3B-4F82-A9C7-F9BA7C4B1F6F}.Debug|Any CPU.ActiveCfg = Debug|Any CPU
		{0BF2702C-3B3B-4F82-A9C7-F9BA7C4B1F6F}.Debug|Any CPU.Build.0 = Debug|Any CPU
		{0BF2702C-3B3B-4F82-A9C7-F9BA7C4B1F6F}.Release|Any CPU.ActiveCfg = Release|Any CPU
		{0BF2702C-3B3B-4F82-A9C7-F9BA7C4B1F6F}.Release|Any CPU.Build.0 = Release|Any CPU
		{2ED66A79-A7D7-43CD-A485-57E4D91BB23F}.Debug|Any CPU.ActiveCfg = Debug|Any CPU
		{2ED66A79-A7D7-43CD-A485-57E4D91BB23F}.Debug|Any CPU.Build.0 = Debug|Any CPU
		{2ED66A79-A7D7-43CD-A485-57E4D91BB23F}.Release|Any CPU.ActiveCfg = Release|Any CPU
		{2ED66A79-A7D7-43CD-A485-57E4D91BB23F}.Release|Any CPU.Build.0 = Release|Any CPU
		{8FB3C0FD-9AE9-45F6-9E46-08A33D8AFA74}.Debug|Any CPU.ActiveCfg = Debug|Any CPU
		{8FB3C0FD-9AE9-45F6-9E46-08A33D8AFA74}.Debug|Any CPU.Build.0 = Debug|Any CPU
		{8FB3C0FD-9AE9-45F6-9E46-08A33D8AFA74}.Release|Any CPU.ActiveCfg = Release|Any CPU
		{8FB3C0FD-9AE9-45F6-9E46-08A33D8AFA74}.Release|Any CPU.Build.0 = Release|Any CPU
		{751E67C7-C636-4ED5-B778-2E6CA0FAFB74}.Debug|Any CPU.ActiveCfg = Debug|Any CPU
		{751E67C7-C636-4ED5-B778-2E6CA0FAFB74}.Debug|Any CPU.Build.0 = Debug|Any CPU
		{751E67C7-C636-4ED5-B778-2E6CA0FAFB74}.Release|Any CPU.ActiveCfg = Release|Any CPU
		{751E67C7-C636-4ED5-B778-2E6CA0FAFB74}.Release|Any CPU.Build.0 = Release|Any CPU
		{2332B8D5-C29D-4511-A618-3665098A2522}.Debug|Any CPU.ActiveCfg = Debug|Any CPU
		{2332B8D5-C29D-4511-A618-3665098A2522}.Debug|Any CPU.Build.0 = Debug|Any CPU
		{2332B8D5-C29D-4511-A618-3665098A2522}.Release|Any CPU.ActiveCfg = Release|Any CPU
		{2332B8D5-C29D-4511-A618-3665098A2522}.Release|Any CPU.Build.0 = Release|Any CPU
	EndGlobalSection
	GlobalSection(SolutionProperties) = preSolution
		HideSolutionNode = FALSE
	EndGlobalSection
	GlobalSection(NestedProjects) = preSolution
		{55FD77A0-C071-4070-8FC9-CAE77D2E4A79} = {8A9E2F97-3FDD-4FEF-BD07-56B8265EF14B}
		{8B3C906B-150D-429B-B3AF-5DF00A667B9E} = {152B34BA-933F-4E05-9878-B4F88DCBD718}
		{77416929-4E52-45F0-B637-7A579591B9B3} = {152B34BA-933F-4E05-9878-B4F88DCBD718}
		{0157A5BB-E7C0-4DF1-95DD-79CB87772570} = {152B34BA-933F-4E05-9878-B4F88DCBD718}
		{F707FBA1-1D4B-431D-BF24-7183C5930A17} = {152B34BA-933F-4E05-9878-B4F88DCBD718}
		{0BF2702C-3B3B-4F82-A9C7-F9BA7C4B1F6F} = {8B6A2690-4E15-4406-90EB-30A018E6AE47}
		{2ED66A79-A7D7-43CD-A485-57E4D91BB23F} = {8B6A2690-4E15-4406-90EB-30A018E6AE47}
		{8FB3C0FD-9AE9-45F6-9E46-08A33D8AFA74} = {8B6A2690-4E15-4406-90EB-30A018E6AE47}
		{751E67C7-C636-4ED5-B778-2E6CA0FAFB74} = {8B6A2690-4E15-4406-90EB-30A018E6AE47}
		{2332B8D5-C29D-4511-A618-3665098A2522} = {D8841C1D-6808-4362-A6F3-31659ECDC32F}
	EndGlobalSection
	GlobalSection(ExtensibilityGlobals) = postSolution
		SolutionGuid = {02863124-E36E-425E-882E-81808A545ECB}
	EndGlobalSection
EndGlobal
